{
  "name": "learn-jenkins-app",
  "version": "0.1.0",
  "lockfileVersion": 2,
  "dependencies": {
    "@testing-library/jest-dom": {
      "version": "^5.17.0",
      "resolved": "https://registry.npmjs.org/@testing-library/jest-dom/-/jest-dom-5.17.0.tgz",
      "integrity": "sha512-xyz"
    },
    "@testing-library/react": {
      "version": "^13.4.0",
      "resolved": "https://registry.npmjs.org/@testing-library/react/-/react-13.4.0.tgz",
      "integrity": "sha512-abc"
    },
    "react": {
      "version": "^18.2.0",
      "resolved": "https://registry.npmjs.org/react/-/react-18.2.0.tgz",
      "integrity": "sha512-def"
    },
    "react-dom": {
      "version": "^18.2.0",
      "resolved": "https://registry.npmjs.org/react-dom/-/react-dom-18.2.0.tgz",
      "integrity": "sha512-ghi"
    },
    "react-scripts": {
      "version": "5.0.1",
      "resolved": "https://registry.npmjs.org/react-scripts/-/react-scripts-5.0.1.tgz",
      "integrity": "sha512-jkl"
    },
    "web-vitals": {
      "version": "^2.1.4",
      "resolved": "https://registry.npmjs.org/web-vitals/-/web-vitals-2.1.4.tgz",
      "integrity": "sha512-mno"
    }
  }
}
